name: building-block

on: workflow_dispatch

jobs: 
    echo-hello:
            runs-on: ubuntu-latest
            steps: 
              - name: say hello
                run: echo "hello,world!"

    echo-good-bye:
            runs-on: ubuntu-latest
            steps: 
               - name: failed step
                 run: echo "i will fail"
<<<<<<< HEAD:.github/workflows/01- building block.yml
                 exit 0
=======
>>>>>>> 7813afc5954050d26e69bf5f79ee4de597b69529:.github/workflows/main.yml
               - name: say goodbye
                 run: echo "bye bye"
